
Microsoft Visual Studio Solution File, Format Version 12.00
# Visual Studio 15
VisualStudioVersion = 15.0.28010.2046
MinimumVisualStudioVersion = 10.0.40219.1
Project("{9A19103F-16F7-4668-BE54-9A1E7A4F7556}") = "cmpt436_a1_cSharp_Client", "cmpt436_a1_cSharp_Client\cmpt436_a1_cSharp_Client.csproj", "{63BF72B3-D7B5-44F6-86CE-D3C8EF8CAB9D}"
EndProject
Global
	GlobalSection(SolutionConfigurationPlatforms) = preSolution
		Debug|Any CPU = Debug|Any CPU
		more|Any CPU = more|Any CPU
		Release|Any CPU = Release|Any CPU
	EndGlobalSection
	GlobalSection(ProjectConfigurationPlatforms) = postSolution
		{63BF72B3-D7B5-44F6-86CE-D3C8EF8CAB9D}.Debug|Any CPU.ActiveCfg = Debug|Any CPU
		{63BF72B3-D7B5-44F6-86CE-D3C8EF8CAB9D}.Debug|Any CPU.Build.0 = Debug|Any CPU
		{63BF72B3-D7B5-44F6-86CE-D3C8EF8CAB9D}.more|Any CPU.ActiveCfg = Debug|Any CPU
		{63BF72B3-D7B5-44F6-86CE-D3C8EF8CAB9D}.more|Any CPU.Build.0 = Debug|Any CPU
		{63BF72B3-D7B5-44F6-86CE-D3C8EF8CAB9D}.Release|Any CPU.ActiveCfg = Debug|Any CPU
		{63BF72B3-D7B5-44F6-86CE-D3C8EF8CAB9D}.Release|Any CPU.Build.0 = Debug|Any CPU
	EndGlobalSection
	GlobalSection(SolutionProperties) = preSolution
		HideSolutionNode = FALSE
	EndGlobalSection
	GlobalSection(ExtensibilityGlobals) = postSolution
		SolutionGuid = {F802F8AD-626C-471B-AE6A-B0FAAF6BD17A}
	EndGlobalSection
EndGlobal
